// !$*UTF8*$!
{
	archiveVersion = 1;
	classes = {
	};
	objectVersion = 46;
	objects = {

/* Begin PBXBuildFile section */
		D0037BA01A994E3900CAE8D9 /* loadingScreen.png in Resources */ = {isa = PBXBuildFile; fileRef = D0037B9E1A994E3900CAE8D9 /* loadingScreen.png */; };
		D0037BA11A994E3900CAE8D9 /* timeBackground.png in Resources */ = {isa = PBXBuildFile; fileRef = D0037B9F1A994E3900CAE8D9 /* timeBackground.png */; };
		D0037BA31A99546F00CAE8D9 /* HomeViewController.swift in Sources */ = {isa = PBXBuildFile; fileRef = D0037BA21A99546F00CAE8D9 /* HomeViewController.swift */; };
		D0DD62111A998ECB00224542 /* menubutton.png in Resources */ = {isa = PBXBuildFile; fileRef = D0DD62101A998ECB00224542 /* menubutton.png */; };
		D0DD62181A9A95D900224542 /* DetailViewController.swift in Sources */ = {isa = PBXBuildFile; fileRef = D0DD62151A9A95D900224542 /* DetailViewController.swift */; };
		D0DD62191A9A95D900224542 /* Festivals.swift in Sources */ = {isa = PBXBuildFile; fileRef = D0DD62161A9A95D900224542 /* Festivals.swift */; };
		D0DD621A1A9A95D900224542 /* TableViewController.swift in Sources */ = {isa = PBXBuildFile; fileRef = D0DD62171A9A95D900224542 /* TableViewController.swift */; };
		D0EF9C091A98889F00850489 /* main.m in Sources */ = {isa = PBXBuildFile; fileRef = D0EF9C081A98889F00850489 /* main.m */; };
		D0EF9C0C1A98889F00850489 /* AppDelegate.m in Sources */ = {isa = PBXBuildFile; fileRef = D0EF9C0B1A98889F00850489 /* AppDelegate.m */; };
		D0EF9C0F1A98889F00850489 /* Festi_Buddy.xcdatamodeld in Sources */ = {isa = PBXBuildFile; fileRef = D0EF9C0D1A98889F00850489 /* Festi_Buddy.xcdatamodeld */; };
		D0EF9C151A98889F00850489 /* Main.storyboard in Resources */ = {isa = PBXBuildFile; fileRef = D0EF9C131A98889F00850489 /* Main.storyboard */; };
		D0EF9C171A98889F00850489 /* Images.xcassets in Resources */ = {isa = PBXBuildFile; fileRef = D0EF9C161A98889F00850489 /* Images.xcassets */; };
		D0EF9C1A1A98889F00850489 /* LaunchScreen.xib in Resources */ = {isa = PBXBuildFile; fileRef = D0EF9C181A98889F00850489 /* LaunchScreen.xib */; };
		D0EF9C261A98889F00850489 /* Festi_BuddyTests.m in Sources */ = {isa = PBXBuildFile; fileRef = D0EF9C251A98889F00850489 /* Festi_BuddyTests.m */; };
		D0EF9C3D1A98890B00850489 /* ECPercentDrivenInteractiveTransition.m in Sources */ = {isa = PBXBuildFile; fileRef = D0EF9C311A98890B00850489 /* ECPercentDrivenInteractiveTransition.m */; };
		D0EF9C3E1A98890B00850489 /* ECSlidingAnimationController.m in Sources */ = {isa = PBXBuildFile; fileRef = D0EF9C331A98890B00850489 /* ECSlidingAnimationController.m */; };
		D0EF9C3F1A98890B00850489 /* ECSlidingInteractiveTransition.m in Sources */ = {isa = PBXBuildFile; fileRef = D0EF9C361A98890B00850489 /* ECSlidingInteractiveTransition.m */; };
		D0EF9C401A98890B00850489 /* ECSlidingSegue.m in Sources */ = {isa = PBXBuildFile; fileRef = D0EF9C381A98890B00850489 /* ECSlidingSegue.m */; };
		D0EF9C411A98890B00850489 /* ECSlidingViewController.m in Sources */ = {isa = PBXBuildFile; fileRef = D0EF9C3A1A98890B00850489 /* ECSlidingViewController.m */; };
		D0EF9C421A98890B00850489 /* UIViewController+ECSlidingViewController.m in Sources */ = {isa = PBXBuildFile; fileRef = D0EF9C3C1A98890B00850489 /* UIViewController+ECSlidingViewController.m */; };
		D0EF9C451A98896400850489 /* SlidingViewController.swift in Sources */ = {isa = PBXBuildFile; fileRef = D0EF9C441A98896400850489 /* SlidingViewController.swift */; };
		D0EF9C471A988D5500850489 /* MenuTableViewController.swift in Sources */ = {isa = PBXBuildFile; fileRef = D0EF9C461A988D5500850489 /* MenuTableViewController.swift */; };
/* End PBXBuildFile section */

/* Begin PBXContainerItemProxy section */
		D0EF9C201A98889F00850489 /* PBXContainerItemProxy */ = {
			isa = PBXContainerItemProxy;
			containerPortal = D0EF9BFB1A98889F00850489 /* Project object */;
			proxyType = 1;
			remoteGlobalIDString = D0EF9C021A98889F00850489;
			remoteInfo = "Festi Buddy";
		};
/* End PBXContainerItemProxy section */

/* Begin PBXFileReference section */
		D0037B9E1A994E3900CAE8D9 /* loadingScreen.png */ = {isa = PBXFileReference; lastKnownFileType = image.png; path = loadingScreen.png; sourceTree = "<group>"; };
		D0037B9F1A994E3900CAE8D9 /* timeBackground.png */ = {isa = PBXFileReference; lastKnownFileType = image.png; path = timeBackground.png; sourceTree = "<group>"; };
		D0037BA21A99546F00CAE8D9 /* HomeViewController.swift */ = {isa = PBXFileReference; fileEncoding = 4; lastKnownFileType = sourcecode.swift; path = HomeViewController.swift; sourceTree = "<group>"; };
		D0DD62101A998ECB00224542 /* menubutton.png */ = {isa = PBXFileReference; lastKnownFileType = image.png; path = menubutton.png; sourceTree = "<group>"; };
		D0DD62151A9A95D900224542 /* DetailViewController.swift */ = {isa = PBXFileReference; fileEncoding = 4; lastKnownFileType = sourcecode.swift; path = DetailViewController.swift; sourceTree = "<group>"; };
		D0DD62161A9A95D900224542 /* Festivals.swift */ = {isa = PBXFileReference; fileEncoding = 4; lastKnownFileType = sourcecode.swift; path = Festivals.swift; sourceTree = "<group>"; };
		D0DD62171A9A95D900224542 /* TableViewController.swift */ = {isa = PBXFileReference; fileEncoding = 4; lastKnownFileType = sourcecode.swift; path = TableViewController.swift; sourceTree = "<group>"; };
		D0EF9C031A98889F00850489 /* Festi Buddy.app */ = {isa = PBXFileReference; explicitFileType = wrapper.application; includeInIndex = 0; path = "Festi Buddy.app"; sourceTree = BUILT_PRODUCTS_DIR; };
		D0EF9C071A98889F00850489 /* Info.plist */ = {isa = PBXFileReference; lastKnownFileType = text.plist.xml; path = Info.plist; sourceTree = "<group>"; };
		D0EF9C081A98889F00850489 /* main.m */ = {isa = PBXFileReference; lastKnownFileType = sourcecode.c.objc; path = main.m; sourceTree = "<group>"; };
		D0EF9C0A1A98889F00850489 /* AppDelegate.h */ = {isa = PBXFileReference; lastKnownFileType = sourcecode.c.h; path = AppDelegate.h; sourceTree = "<group>"; };
		D0EF9C0B1A98889F00850489 /* AppDelegate.m */ = {isa = PBXFileReference; lastKnownFileType = sourcecode.c.objc; path = AppDelegate.m; sourceTree = "<group>"; };
		D0EF9C0E1A98889F00850489 /* Festi_Buddy.xcdatamodel */ = {isa = PBXFileReference; lastKnownFileType = wrapper.xcdatamodel; path = Festi_Buddy.xcdatamodel; sourceTree = "<group>"; };
		D0EF9C141A98889F00850489 /* Base */ = {isa = PBXFileReference; lastKnownFileType = file.storyboard; name = Base; path = Base.lproj/Main.storyboard; sourceTree = "<group>"; };
		D0EF9C161A98889F00850489 /* Images.xcassets */ = {isa = PBXFileReference; lastKnownFileType = folder.assetcatalog; path = Images.xcassets; sourceTree = "<group>"; };
		D0EF9C191A98889F00850489 /* Base */ = {isa = PBXFileReference; lastKnownFileType = file.xib; name = Base; path = Base.lproj/LaunchScreen.xib; sourceTree = "<group>"; };
		D0EF9C1F1A98889F00850489 /* Festi BuddyTests.xctest */ = {isa = PBXFileReference; explicitFileType = wrapper.cfbundle; includeInIndex = 0; path = "Festi BuddyTests.xctest"; sourceTree = BUILT_PRODUCTS_DIR; };
		D0EF9C241A98889F00850489 /* Info.plist */ = {isa = PBXFileReference; lastKnownFileType = text.plist.xml; path = Info.plist; sourceTree = "<group>"; };
		D0EF9C251A98889F00850489 /* Festi_BuddyTests.m */ = {isa = PBXFileReference; lastKnownFileType = sourcecode.c.objc; path = Festi_BuddyTests.m; sourceTree = "<group>"; };
		D0EF9C301A98890B00850489 /* ECPercentDrivenInteractiveTransition.h */ = {isa = PBXFileReference; fileEncoding = 4; lastKnownFileType = sourcecode.c.h; path = ECPercentDrivenInteractiveTransition.h; sourceTree = "<group>"; };
		D0EF9C311A98890B00850489 /* ECPercentDrivenInteractiveTransition.m */ = {isa = PBXFileReference; fileEncoding = 4; lastKnownFileType = sourcecode.c.objc; path = ECPercentDrivenInteractiveTransition.m; sourceTree = "<group>"; };
		D0EF9C321A98890B00850489 /* ECSlidingAnimationController.h */ = {isa = PBXFileReference; fileEncoding = 4; lastKnownFileType = sourcecode.c.h; path = ECSlidingAnimationController.h; sourceTree = "<group>"; };
		D0EF9C331A98890B00850489 /* ECSlidingAnimationController.m */ = {isa = PBXFileReference; fileEncoding = 4; lastKnownFileType = sourcecode.c.objc; path = ECSlidingAnimationController.m; sourceTree = "<group>"; };
		D0EF9C341A98890B00850489 /* ECSlidingConstants.h */ = {isa = PBXFileReference; fileEncoding = 4; lastKnownFileType = sourcecode.c.h; path = ECSlidingConstants.h; sourceTree = "<group>"; };
		D0EF9C351A98890B00850489 /* ECSlidingInteractiveTransition.h */ = {isa = PBXFileReference; fileEncoding = 4; lastKnownFileType = sourcecode.c.h; path = ECSlidingInteractiveTransition.h; sourceTree = "<group>"; };
		D0EF9C361A98890B00850489 /* ECSlidingInteractiveTransition.m */ = {isa = PBXFileReference; fileEncoding = 4; lastKnownFileType = sourcecode.c.objc; path = ECSlidingInteractiveTransition.m; sourceTree = "<group>"; };
		D0EF9C371A98890B00850489 /* ECSlidingSegue.h */ = {isa = PBXFileReference; fileEncoding = 4; lastKnownFileType = sourcecode.c.h; path = ECSlidingSegue.h; sourceTree = "<group>"; };
		D0EF9C381A98890B00850489 /* ECSlidingSegue.m */ = {isa = PBXFileReference; fileEncoding = 4; lastKnownFileType = sourcecode.c.objc; path = ECSlidingSegue.m; sourceTree = "<group>"; };
		D0EF9C391A98890B00850489 /* ECSlidingViewController.h */ = {isa = PBXFileReference; fileEncoding = 4; lastKnownFileType = sourcecode.c.h; path = ECSlidingViewController.h; sourceTree = "<group>"; };
		D0EF9C3A1A98890B00850489 /* ECSlidingViewController.m */ = {isa = PBXFileReference; fileEncoding = 4; lastKnownFileType = sourcecode.c.objc; path = ECSlidingViewController.m; sourceTree = "<group>"; };
		D0EF9C3B1A98890B00850489 /* UIViewController+ECSlidingViewController.h */ = {isa = PBXFileReference; fileEncoding = 4; lastKnownFileType = sourcecode.c.h; path = "UIViewController+ECSlidingViewController.h"; sourceTree = "<group>"; };
		D0EF9C3C1A98890B00850489 /* UIViewController+ECSlidingViewController.m */ = {isa = PBXFileReference; fileEncoding = 4; lastKnownFileType = sourcecode.c.objc; path = "UIViewController+ECSlidingViewController.m"; sourceTree = "<group>"; };
		D0EF9C431A98896400850489 /* Festi Buddy-Bridging-Header.h */ = {isa = PBXFileReference; lastKnownFileType = sourcecode.c.h; path = "Festi Buddy-Bridging-Header.h"; sourceTree = "<group>"; };
		D0EF9C441A98896400850489 /* SlidingViewController.swift */ = {isa = PBXFileReference; fileEncoding = 4; lastKnownFileType = sourcecode.swift; path = SlidingViewController.swift; sourceTree = "<group>"; };
		D0EF9C461A988D5500850489 /* MenuTableViewController.swift */ = {isa = PBXFileReference; fileEncoding = 4; lastKnownFileType = sourcecode.swift; path = MenuTableViewController.swift; sourceTree = "<group>"; };
/* End PBXFileReference section */

/* Begin PBXFrameworksBuildPhase section */
		D0EF9C001A98889F00850489 /* Frameworks */ = {
			isa = PBXFrameworksBuildPhase;
			buildActionMask = 2147483647;
			files = (
			);
			runOnlyForDeploymentPostprocessing = 0;
		};
		D0EF9C1C1A98889F00850489 /* Frameworks */ = {
			isa = PBXFrameworksBuildPhase;
			buildActionMask = 2147483647;
			files = (
			);
			runOnlyForDeploymentPostprocessing = 0;
		};
/* End PBXFrameworksBuildPhase section */

/* Begin PBXGroup section */
		D0037B9D1A994E3900CAE8D9 /* App Artwork */ = {
			isa = PBXGroup;
			children = (
				D0DD62101A998ECB00224542 /* menubutton.png */,
				D0037B9E1A994E3900CAE8D9 /* loadingScreen.png */,
				D0037B9F1A994E3900CAE8D9 /* timeBackground.png */,
			);
			path = "App Artwork";
			sourceTree = SOURCE_ROOT;
		};
		D0DD62141A9A95D900224542 /* Countdown Classes */ = {
			isa = PBXGroup;
			children = (
				D0DD62151A9A95D900224542 /* DetailViewController.swift */,
				D0DD62161A9A95D900224542 /* Festivals.swift */,
				D0DD62171A9A95D900224542 /* TableViewController.swift */,
			);
			path = "Countdown Classes";
			sourceTree = "<group>";
		};
		D0EF9BFA1A98889F00850489 = {
			isa = PBXGroup;
			children = (
				D0EF9C051A98889F00850489 /* Festi Buddy */,
				D0EF9C221A98889F00850489 /* Festi BuddyTests */,
				D0EF9C041A98889F00850489 /* Products */,
			);
			sourceTree = "<group>";
		};
		D0EF9C041A98889F00850489 /* Products */ = {
			isa = PBXGroup;
			children = (
				D0EF9C031A98889F00850489 /* Festi Buddy.app */,
				D0EF9C1F1A98889F00850489 /* Festi BuddyTests.xctest */,
			);
			name = Products;
			sourceTree = "<group>";
		};
		D0EF9C051A98889F00850489 /* Festi Buddy */ = {
			isa = PBXGroup;
			children = (
				D0DD62141A9A95D900224542 /* Countdown Classes */,
				D0EF9C2F1A98890B00850489 /* ECSlidingViewController */,
				D0EF9C0A1A98889F00850489 /* AppDelegate.h */,
				D0EF9C0B1A98889F00850489 /* AppDelegate.m */,
				D0EF9C131A98889F00850489 /* Main.storyboard */,
				D0EF9C441A98896400850489 /* SlidingViewController.swift */,
				D0037BA21A99546F00CAE8D9 /* HomeViewController.swift */,
				D0EF9C461A988D5500850489 /* MenuTableViewController.swift */,
				D0EF9C161A98889F00850489 /* Images.xcassets */,
				D0EF9C181A98889F00850489 /* LaunchScreen.xib */,
				D0037B9D1A994E3900CAE8D9 /* App Artwork */,
				D0EF9C0D1A98889F00850489 /* Festi_Buddy.xcdatamodeld */,
				D0EF9C061A98889F00850489 /* Supporting Files */,
				D0EF9C431A98896400850489 /* Festi Buddy-Bridging-Header.h */,
			);
			path = "Festi Buddy";
			sourceTree = "<group>";
		};
		D0EF9C061A98889F00850489 /* Supporting Files */ = {
			isa = PBXGroup;
			children = (
				D0EF9C071A98889F00850489 /* Info.plist */,
				D0EF9C081A98889F00850489 /* main.m */,
			);
			name = "Supporting Files";
			sourceTree = "<group>";
		};
		D0EF9C221A98889F00850489 /* Festi BuddyTests */ = {
			isa = PBXGroup;
			children = (
				D0EF9C251A98889F00850489 /* Festi_BuddyTests.m */,
				D0EF9C231A98889F00850489 /* Supporting Files */,
			);
			path = "Festi BuddyTests";
			sourceTree = "<group>";
		};
		D0EF9C231A98889F00850489 /* Supporting Files */ = {
			isa = PBXGroup;
			children = (
				D0EF9C241A98889F00850489 /* Info.plist */,
			);
			name = "Supporting Files";
			sourceTree = "<group>";
		};
		D0EF9C2F1A98890B00850489 /* ECSlidingViewController */ = {
			isa = PBXGroup;
			children = (
				D0EF9C301A98890B00850489 /* ECPercentDrivenInteractiveTransition.h */,
				D0EF9C311A98890B00850489 /* ECPercentDrivenInteractiveTransition.m */,
				D0EF9C321A98890B00850489 /* ECSlidingAnimationController.h */,
				D0EF9C331A98890B00850489 /* ECSlidingAnimationController.m */,
				D0EF9C341A98890B00850489 /* ECSlidingConstants.h */,
				D0EF9C351A98890B00850489 /* ECSlidingInteractiveTransition.h */,
				D0EF9C361A98890B00850489 /* ECSlidingInteractiveTransition.m */,
				D0EF9C371A98890B00850489 /* ECSlidingSegue.h */,
				D0EF9C381A98890B00850489 /* ECSlidingSegue.m */,
				D0EF9C391A98890B00850489 /* ECSlidingViewController.h */,
				D0EF9C3A1A98890B00850489 /* ECSlidingViewController.m */,
				D0EF9C3B1A98890B00850489 /* UIViewController+ECSlidingViewController.h */,
				D0EF9C3C1A98890B00850489 /* UIViewController+ECSlidingViewController.m */,
			);
			path = ECSlidingViewController;
			sourceTree = "<group>";
		};
/* End PBXGroup section */

/* Begin PBXNativeTarget section */
		D0EF9C021A98889F00850489 /* Festi Buddy */ = {
			isa = PBXNativeTarget;
			buildConfigurationList = D0EF9C291A98889F00850489 /* Build configuration list for PBXNativeTarget "Festi Buddy" */;
			buildPhases = (
				D0EF9BFF1A98889F00850489 /* Sources */,
				D0EF9C001A98889F00850489 /* Frameworks */,
				D0EF9C011A98889F00850489 /* Resources */,
			);
			buildRules = (
			);
			dependencies = (
			);
			name = "Festi Buddy";
			productName = "Festi Buddy";
			productReference = D0EF9C031A98889F00850489 /* Festi Buddy.app */;
			productType = "com.apple.product-type.application";
		};
		D0EF9C1E1A98889F00850489 /* Festi BuddyTests */ = {
			isa = PBXNativeTarget;
			buildConfigurationList = D0EF9C2C1A98889F00850489 /* Build configuration list for PBXNativeTarget "Festi BuddyTests" */;
			buildPhases = (
				D0EF9C1B1A98889F00850489 /* Sources */,
				D0EF9C1C1A98889F00850489 /* Frameworks */,
				D0EF9C1D1A98889F00850489 /* Resources */,
			);
			buildRules = (
			);
			dependencies = (
				D0EF9C211A98889F00850489 /* PBXTargetDependency */,
			);
			name = "Festi BuddyTests";
			productName = "Festi BuddyTests";
			productReference = D0EF9C1F1A98889F00850489 /* Festi BuddyTests.xctest */;
			productType = "com.apple.product-type.bundle.unit-test";
		};
/* End PBXNativeTarget section */

/* Begin PBXProject section */
		D0EF9BFB1A98889F00850489 /* Project object */ = {
			isa = PBXProject;
			attributes = {
				LastUpgradeCheck = 0610;
				ORGANIZATIONNAME = Oklasoft;
				TargetAttributes = {
					D0EF9C021A98889F00850489 = {
						CreatedOnToolsVersion = 6.1.1;
					};
					D0EF9C1E1A98889F00850489 = {
						CreatedOnToolsVersion = 6.1.1;
						TestTargetID = D0EF9C021A98889F00850489;
					};
				};
			};
			buildConfigurationList = D0EF9BFE1A98889F00850489 /* Build configuration list for PBXProject "Festi Buddy" */;
			compatibilityVersion = "Xcode 3.2";
			developmentRegion = English;
			hasScannedForEncodings = 0;
			knownRegions = (
				en,
				Base,
			);
			mainGroup = D0EF9BFA1A98889F00850489;
			productRefGroup = D0EF9C041A98889F00850489 /* Products */;
			projectDirPath = "";
			projectRoot = "";
			targets = (
				D0EF9C021A98889F00850489 /* Festi Buddy */,
				D0EF9C1E1A98889F00850489 /* Festi BuddyTests */,
			);
		};
/* End PBXProject section */

/* Begin PBXResourcesBuildPhase section */
		D0EF9C011A98889F00850489 /* Resources */ = {
			isa = PBXResourcesBuildPhase;
			buildActionMask = 2147483647;
			files = (
				D0EF9C151A98889F00850489 /* Main.storyboard in Resources */,
				D0037BA11A994E3900CAE8D9 /* timeBackground.png in Resources */,
				D0DD62111A998ECB00224542 /* menubutton.png in Resources */,
				D0EF9C1A1A98889F00850489 /* LaunchScreen.xib in Resources */,
				D0037BA01A994E3900CAE8D9 /* loadingScreen.png in Resources */,
				D0EF9C171A98889F00850489 /* Images.xcassets in Resources */,
			);
			runOnlyForDeploymentPostprocessing = 0;
		};
		D0EF9C1D1A98889F00850489 /* Resources */ = {
			isa = PBXResourcesBuildPhase;
			buildActionMask = 2147483647;
			files = (
			);
			runOnlyForDeploymentPostprocessing = 0;
		};
/* End PBXResourcesBuildPhase section */

/* Begin PBXSourcesBuildPhase section */
		D0EF9BFF1A98889F00850489 /* Sources */ = {
			isa = PBXSourcesBuildPhase;
			buildActionMask = 2147483647;
			files = (
				D0DD62181A9A95D900224542 /* DetailViewController.swift in Sources */,
				D0EF9C0C1A98889F00850489 /* AppDelegate.m in Sources */,
				D0EF9C421A98890B00850489 /* UIViewController+ECSlidingViewController.m in Sources */,
				D0EF9C471A988D5500850489 /* MenuTableViewController.swift in Sources */,
				D0EF9C091A98889F00850489 /* main.m in Sources */,
				D0EF9C3F1A98890B00850489 /* ECSlidingInteractiveTransition.m in Sources */,
				D0EF9C401A98890B00850489 /* ECSlidingSegue.m in Sources */,
				D0DD62191A9A95D900224542 /* Festivals.swift in Sources */,
				D0EF9C0F1A98889F00850489 /* Festi_Buddy.xcdatamodeld in Sources */,
				D0EF9C411A98890B00850489 /* ECSlidingViewController.m in Sources */,
				D0EF9C451A98896400850489 /* SlidingViewController.swift in Sources */,
				D0EF9C3E1A98890B00850489 /* ECSlidingAnimationController.m in Sources */,
				D0EF9C3D1A98890B00850489 /* ECPercentDrivenInteractiveTransition.m in Sources */,
				D0DD621A1A9A95D900224542 /* TableViewController.swift in Sources */,
				D0037BA31A99546F00CAE8D9 /* HomeViewController.swift in Sources */,
			);
			runOnlyForDeploymentPostprocessing = 0;
		};
		D0EF9C1B1A98889F00850489 /* Sources */ = {
			isa = PBXSourcesBuildPhase;
			buildActionMask = 2147483647;
			files = (
				D0EF9C261A98889F00850489 /* Festi_BuddyTests.m in Sources */,
			);
			runOnlyForDeploymentPostprocessing = 0;
		};
/* End PBXSourcesBuildPhase section */

/* Begin PBXTargetDependency section */
		D0EF9C211A98889F00850489 /* PBXTargetDependency */ = {
			isa = PBXTargetDependency;
			target = D0EF9C021A98889F00850489 /* Festi Buddy */;
			targetProxy = D0EF9C201A98889F00850489 /* PBXContainerItemProxy */;
		};
/* End PBXTargetDependency section */

/* Begin PBXVariantGroup section */
		D0EF9C131A98889F00850489 /* Main.storyboard */ = {
			isa = PBXVariantGroup;
			children = (
				D0EF9C141A98889F00850489 /* Base */,
			);
			name = Main.storyboard;
			sourceTree = "<group>";
		};
		D0EF9C181A98889F00850489 /* LaunchScreen.xib */ = {
			isa = PBXVariantGroup;
			children = (
				D0EF9C191A98889F00850489 /* Base */,
			);
			name = LaunchScreen.xib;
			sourceTree = "<group>";
		};
/* End PBXVariantGroup section */

/* Begin XCBuildConfiguration section */
		D0EF9C271A98889F00850489 /* Debug */ = {
			isa = XCBuildConfiguration;
			buildSettings = {
				ALWAYS_SEARCH_USER_PATHS = NO;
				CLANG_CXX_LANGUAGE_STANDARD = "gnu++0x";
				CLANG_CXX_LIBRARY = "libc++";
				CLANG_ENABLE_MODULES = YES;
				CLANG_ENABLE_OBJC_ARC = YES;
				CLANG_WARN_BOOL_CONVERSION = YES;
				CLANG_WARN_CONSTANT_CONVERSION = YES;
				CLANG_WARN_DIRECT_OBJC_ISA_USAGE = YES_ERROR;
				CLANG_WARN_EMPTY_BODY = YES;
				CLANG_WARN_ENUM_CONVERSION = YES;
				CLANG_WARN_INT_CONVERSION = YES;
				CLANG_WARN_OBJC_ROOT_CLASS = YES_ERROR;
				CLANG_WARN_UNREACHABLE_CODE = YES;
				CLANG_WARN__DUPLICATE_METHOD_MATCH = YES;
				"CODE_SIGN_IDENTITY[sdk=iphoneos*]" = "iPhone Developer";
				COPY_PHASE_STRIP = NO;
				ENABLE_STRICT_OBJC_MSGSEND = YES;
				GCC_C_LANGUAGE_STANDARD = gnu99;
				GCC_DYNAMIC_NO_PIC = NO;
				GCC_OPTIMIZATION_LEVEL = 0;
				GCC_PREPROCESSOR_DEFINITIONS = (
					"DEBUG=1",
					"$(inherited)",
				);
				GCC_SYMBOLS_PRIVATE_EXTERN = NO;
				GCC_WARN_64_TO_32_BIT_CONVERSION = YES;
				GCC_WARN_ABOUT_RETURN_TYPE = YES_ERROR;
				GCC_WARN_UNDECLARED_SELECTOR = YES;
				GCC_WARN_UNINITIALIZED_AUTOS = YES_AGGRESSIVE;
				GCC_WARN_UNUSED_FUNCTION = YES;
				GCC_WARN_UNUSED_VARIABLE = YES;
				IPHONEOS_DEPLOYMENT_TARGET = 8.1;
				MTL_ENABLE_DEBUG_INFO = YES;
				ONLY_ACTIVE_ARCH = YES;
				SDKROOT = iphoneos;
			};
			name = Debug;
		};
		D0EF9C281A98889F00850489 /* Release */ = {
			isa = XCBuildConfiguration;
			buildSettings = {
				ALWAYS_SEARCH_USER_PATHS = NO;
				CLANG_CXX_LANGUAGE_STANDARD = "gnu++0x";
				CLANG_CXX_LIBRARY = "libc++";
				CLANG_ENABLE_MODULES = YES;
				CLANG_ENABLE_OBJC_ARC = YES;
				CLANG_WARN_BOOL_CONVERSION = YES;
				CLANG_WARN_CONSTANT_CONVERSION = YES;
				CLANG_WARN_DIRECT_OBJC_ISA_USAGE = YES_ERROR;
				CLANG_WARN_EMPTY_BODY = YES;
				CLANG_WARN_ENUM_CONVERSION = YES;
				CLANG_WARN_INT_CONVERSION = YES;
				CLANG_WARN_OBJC_ROOT_CLASS = YES_ERROR;
				CLANG_WARN_UNREACHABLE_CODE = YES;
				CLANG_WARN__DUPLICATE_METHOD_MATCH = YES;
				"CODE_SIGN_IDENTITY[sdk=iphoneos*]" = "iPhone Developer";
				COPY_PHASE_STRIP = YES;
				ENABLE_NS_ASSERTIONS = NO;
				ENABLE_STRICT_OBJC_MSGSEND = YES;
				GCC_C_LANGUAGE_STANDARD = gnu99;
				GCC_WARN_64_TO_32_BIT_CONVERSION = YES;
				GCC_WARN_ABOUT_RETURN_TYPE = YES_ERROR;
				GCC_WARN_UNDECLARED_SELECTOR = YES;
				GCC_WARN_UNINITIALIZED_AUTOS = YES_AGGRESSIVE;
				GCC_WARN_UNUSED_FUNCTION = YES;
				GCC_WARN_UNUSED_VARIABLE = YES;
				IPHONEOS_DEPLOYMENT_TARGET = 8.1;
				MTL_ENABLE_DEBUG_INFO = NO;
				SDKROOT = iphoneos;
				VALIDATE_PRODUCT = YES;
			};
			name = Release;
		};
		D0EF9C2A1A98889F00850489 /* Debug */ = {
			isa = XCBuildConfiguration;
			buildSettings = {
				ASSETCATALOG_COMPILER_APPICON_NAME = AppIcon;
				CLANG_ENABLE_MODULES = YES;
				INFOPLIST_FILE = "Festi Buddy/Info.plist";
				LD_RUNPATH_SEARCH_PATHS = "$(inherited) @executable_path/Frameworks";
				PRODUCT_NAME = "$(TARGET_NAME)";
				SWIFT_OBJC_BRIDGING_HEADER = "Festi Buddy/Festi Buddy-Bridging-Header.h";
				SWIFT_OPTIMIZATION_LEVEL = "-Onone";
			};
			name = Debug;
		};
		D0EF9C2B1A98889F00850489 /* Release */ = {
			isa = XCBuildConfiguration;
			buildSettings = {
				ASSETCATALOG_COMPILER_APPICON_NAME = AppIcon;
				CLANG_ENABLE_MODULES = YES;
				INFOPLIST_FILE = "Festi Buddy/Info.plist";
				LD_RUNPATH_SEARCH_PATHS = "$(inherited) @executable_path/Frameworks";
				PRODUCT_NAME = "$(TARGET_NAME)";
				SWIFT_OBJC_BRIDGING_HEADER = "Festi Buddy/Festi Buddy-Bridging-Header.h";
			};
			name = Release;
		};
		D0EF9C2D1A98889F00850489 /* Debug */ = {
			isa = XCBuildConfiguration;
			buildSettings = {
				BUNDLE_LOADER = "$(TEST_HOST)";
				FRAMEWORK_SEARCH_PATHS = (
					"$(SDKROOT)/Developer/Library/Frameworks",
					"$(inherited)",
				);
				GCC_PREPROCESSOR_DEFINITIONS = (
					"DEBUG=1",
					"$(inherited)",
				);
				INFOPLIST_FILE = "Festi BuddyTests/Info.plist";
				LD_RUNPATH_SEARCH_PATHS = "$(inherited) @executable_path/Frameworks @loader_path/Frameworks";
				PRODUCT_NAME = "$(TARGET_NAME)";
				TEST_HOST = "$(BUILT_PRODUCTS_DIR)/Festi Buddy.app/Festi Buddy";
			};
			name = Debug;
		};
		D0EF9C2E1A98889F00850489 /* Release */ = {
			isa = XCBuildConfiguration;
			buildSettings = {
				BUNDLE_LOADER = "$(TEST_HOST)";
				FRAMEWORK_SEARCH_PATHS = (
					"$(SDKROOT)/Developer/Library/Frameworks",
					"$(inherited)",
				);
				INFOPLIST_FILE = "Festi BuddyTests/Info.plist";
				LD_RUNPATH_SEARCH_PATHS = "$(inherited) @executable_path/Frameworks @loader_path/Frameworks";
				PRODUCT_NAME = "$(TARGET_NAME)";
				TEST_HOST = "$(BUILT_PRODUCTS_DIR)/Festi Buddy.app/Festi Buddy";
			};
			name = Release;
		};
/* End XCBuildConfiguration section */

/* Begin XCConfigurationList section */
		D0EF9BFE1A98889F00850489 /* Build configuration list for PBXProject "Festi Buddy" */ = {
			isa = XCConfigurationList;
			buildConfigurations = (
				D0EF9C271A98889F00850489 /* Debug */,
				D0EF9C281A98889F00850489 /* Release */,
			);
			defaultConfigurationIsVisible = 0;
			defaultConfigurationName = Release;
		};
		D0EF9C291A98889F00850489 /* Build configuration list for PBXNativeTarget "Festi Buddy" */ = {
			isa = XCConfigurationList;
			buildConfigurations = (
				D0EF9C2A1A98889F00850489 /* Debug */,
				D0EF9C2B1A98889F00850489 /* Release */,
			);
			defaultConfigurationIsVisible = 0;
			defaultConfigurationName = Release;
		};
		D0EF9C2C1A98889F00850489 /* Build configuration list for PBXNativeTarget "Festi BuddyTests" */ = {
			isa = XCConfigurationList;
			buildConfigurations = (
				D0EF9C2D1A98889F00850489 /* Debug */,
				D0EF9C2E1A98889F00850489 /* Release */,
			);
			defaultConfigurationIsVisible = 0;
			defaultConfigurationName = Release;
		};
/* End XCConfigurationList section */

/* Begin XCVersionGroup section */
		D0EF9C0D1A98889F00850489 /* Festi_Buddy.xcdatamodeld */ = {
			isa = XCVersionGroup;
			children = (
				D0EF9C0E1A98889F00850489 /* Festi_Buddy.xcdatamodel */,
			);
			currentVersion = D0EF9C0E1A98889F00850489 /* Festi_Buddy.xcdatamodel */;
			path = Festi_Buddy.xcdatamodeld;
			sourceTree = "<group>";
			versionGroupType = wrapper.xcdatamodel;
		};
/* End XCVersionGroup section */
	};
	rootObject = D0EF9BFB1A98889F00850489 /* Project object */;
}
